// !$*UTF8*$!
{
	archiveVersion = 1;
	classes = {
	};
	objectVersion = 46;
	objects = {

/* Begin PBXBuildFile section */
		300100D21A267F0300EEF27F /* Activity.m in Sources */ = {isa = PBXBuildFile; fileRef = 300100D11A267F0300EEF27F /* Activity.m */; };
		300100D51A267F0300EEF27F /* TimeLog.m in Sources */ = {isa = PBXBuildFile; fileRef = 300100D41A267F0300EEF27F /* TimeLog.m */; };
		30639A0C1A2CF53F00AC9370 /* ActivityTableViewCell.m in Sources */ = {isa = PBXBuildFile; fileRef = 30639A0B1A2CF53F00AC9370 /* ActivityTableViewCell.m */; };
		3071FB1919F8083F00A8C0DB /* main.m in Sources */ = {isa = PBXBuildFile; fileRef = 3071FB1819F8083F00A8C0DB /* main.m */; };
		3071FB1C19F8083F00A8C0DB /* AppDelegate.m in Sources */ = {isa = PBXBuildFile; fileRef = 3071FB1B19F8083F00A8C0DB /* AppDelegate.m */; };
		3071FB2519F8083F00A8C0DB /* Main.storyboard in Resources */ = {isa = PBXBuildFile; fileRef = 3071FB2319F8083F00A8C0DB /* Main.storyboard */; };
		3071FB2719F8083F00A8C0DB /* Images.xcassets in Resources */ = {isa = PBXBuildFile; fileRef = 3071FB2619F8083F00A8C0DB /* Images.xcassets */; };
		3071FB3619F8084000A8C0DB /* NizerTests.m in Sources */ = {isa = PBXBuildFile; fileRef = 3071FB3519F8084000A8C0DB /* NizerTests.m */; };
		3071FB4019F81DD600A8C0DB /* deal-active-icon.png in Resources */ = {isa = PBXBuildFile; fileRef = 3071FB3F19F81DD600A8C0DB /* deal-active-icon.png */; };
		3071FB4219F81DDB00A8C0DB /* Active_Icons_Exercise.gif in Resources */ = {isa = PBXBuildFile; fileRef = 3071FB4119F81DDB00A8C0DB /* Active_Icons_Exercise.gif */; };
		309CD69C1A09C346009F7181 /* Default-568h@2x.png in Resources */ = {isa = PBXBuildFile; fileRef = 309CD69B1A09C346009F7181 /* Default-568h@2x.png */; };
		30A01C961A0C356800BD8FA6 /* ActivityTableViewController.m in Sources */ = {isa = PBXBuildFile; fileRef = 30A01C951A0C356800BD8FA6 /* ActivityTableViewController.m */; };
		30A01C991A0C35F600BD8FA6 /* NewActivityViewController.m in Sources */ = {isa = PBXBuildFile; fileRef = 30A01C981A0C35F600BD8FA6 /* NewActivityViewController.m */; };
		30A01C9C1A0C36B500BD8FA6 /* TimerViewController.m in Sources */ = {isa = PBXBuildFile; fileRef = 30A01C9B1A0C36B500BD8FA6 /* TimerViewController.m */; };
		30A01C9F1A0C393600BD8FA6 /* LogTableViewController.m in Sources */ = {isa = PBXBuildFile; fileRef = 30A01C9E1A0C393600BD8FA6 /* LogTableViewController.m */; };
		30A01CA21A0C395B00BD8FA6 /* ConfigViewController.m in Sources */ = {isa = PBXBuildFile; fileRef = 30A01CA11A0C395B00BD8FA6 /* ConfigViewController.m */; };
		30B2A1411A18111700EDACA2 /* Model.xcdatamodeld in Sources */ = {isa = PBXBuildFile; fileRef = 30B2A13F1A18111700EDACA2 /* Model.xcdatamodeld */; };
		30B2A1441A181F2400EDACA2 /* ApiBD.m in Sources */ = {isa = PBXBuildFile; fileRef = 30B2A1431A181F2400EDACA2 /* ApiBD.m */; };
		30B2A1471A181F7900EDACA2 /* CoreData.framework in Frameworks */ = {isa = PBXBuildFile; fileRef = 30B2A1461A181F7900EDACA2 /* CoreData.framework */; };
		8737A5C31A1536F80090969D /* Social.framework in Frameworks */ = {isa = PBXBuildFile; fileRef = 8737A5C21A1536F80090969D /* Social.framework */; };
		AC404CE51A1AE20E002979FA /* fb_icon_325x325.png in Resources */ = {isa = PBXBuildFile; fileRef = AC404CE41A1AE20E002979FA /* fb_icon_325x325.png */; };
		AC404CE71A1AE232002979FA /* 728567main_twitter-icon.png in Resources */ = {isa = PBXBuildFile; fileRef = AC404CE61A1AE232002979FA /* 728567main_twitter-icon.png */; };
/* End PBXBuildFile section */

/* Begin PBXContainerItemProxy section */
		3071FB3019F8084000A8C0DB /* PBXContainerItemProxy */ = {
			isa = PBXContainerItemProxy;
			containerPortal = 3071FB0B19F8083F00A8C0DB /* Project object */;
			proxyType = 1;
			remoteGlobalIDString = 3071FB1219F8083F00A8C0DB;
			remoteInfo = Nizer;
		};
/* End PBXContainerItemProxy section */

/* Begin PBXFileReference section */
		300100D01A267F0300EEF27F /* Activity.h */ = {isa = PBXFileReference; fileEncoding = 4; lastKnownFileType = sourcecode.c.h; path = Activity.h; sourceTree = "<group>"; };
		300100D11A267F0300EEF27F /* Activity.m */ = {isa = PBXFileReference; fileEncoding = 4; lastKnownFileType = sourcecode.c.objc; path = Activity.m; sourceTree = "<group>"; };
		300100D31A267F0300EEF27F /* TimeLog.h */ = {isa = PBXFileReference; fileEncoding = 4; lastKnownFileType = sourcecode.c.h; path = TimeLog.h; sourceTree = "<group>"; };
		300100D41A267F0300EEF27F /* TimeLog.m */ = {isa = PBXFileReference; fileEncoding = 4; lastKnownFileType = sourcecode.c.objc; path = TimeLog.m; sourceTree = "<group>"; };
		30639A0A1A2CF53F00AC9370 /* ActivityTableViewCell.h */ = {isa = PBXFileReference; fileEncoding = 4; lastKnownFileType = sourcecode.c.h; path = ActivityTableViewCell.h; sourceTree = "<group>"; };
		30639A0B1A2CF53F00AC9370 /* ActivityTableViewCell.m */ = {isa = PBXFileReference; fileEncoding = 4; lastKnownFileType = sourcecode.c.objc; path = ActivityTableViewCell.m; sourceTree = "<group>"; };
		3071FB1319F8083F00A8C0DB /* Nizer.app */ = {isa = PBXFileReference; explicitFileType = wrapper.application; includeInIndex = 0; path = Nizer.app; sourceTree = BUILT_PRODUCTS_DIR; };
		3071FB1719F8083F00A8C0DB /* Info.plist */ = {isa = PBXFileReference; lastKnownFileType = text.plist.xml; path = Info.plist; sourceTree = "<group>"; };
		3071FB1819F8083F00A8C0DB /* main.m */ = {isa = PBXFileReference; lastKnownFileType = sourcecode.c.objc; path = main.m; sourceTree = "<group>"; };
		3071FB1A19F8083F00A8C0DB /* AppDelegate.h */ = {isa = PBXFileReference; lastKnownFileType = sourcecode.c.h; path = AppDelegate.h; sourceTree = "<group>"; };
		3071FB1B19F8083F00A8C0DB /* AppDelegate.m */ = {isa = PBXFileReference; lastKnownFileType = sourcecode.c.objc; path = AppDelegate.m; sourceTree = "<group>"; };
		3071FB2419F8083F00A8C0DB /* Base */ = {isa = PBXFileReference; lastKnownFileType = file.storyboard; name = Base; path = Base.lproj/Main.storyboard; sourceTree = "<group>"; };
		3071FB2619F8083F00A8C0DB /* Images.xcassets */ = {isa = PBXFileReference; lastKnownFileType = folder.assetcatalog; path = Images.xcassets; sourceTree = "<group>"; };
		3071FB2F19F8084000A8C0DB /* NizerTests.xctest */ = {isa = PBXFileReference; explicitFileType = wrapper.cfbundle; includeInIndex = 0; path = NizerTests.xctest; sourceTree = BUILT_PRODUCTS_DIR; };
		3071FB3419F8084000A8C0DB /* Info.plist */ = {isa = PBXFileReference; lastKnownFileType = text.plist.xml; path = Info.plist; sourceTree = "<group>"; };
		3071FB3519F8084000A8C0DB /* NizerTests.m */ = {isa = PBXFileReference; lastKnownFileType = sourcecode.c.objc; path = NizerTests.m; sourceTree = "<group>"; };
		3071FB3F19F81DD600A8C0DB /* deal-active-icon.png */ = {isa = PBXFileReference; lastKnownFileType = image.png; path = "deal-active-icon.png"; sourceTree = "<group>"; };
		3071FB4119F81DDB00A8C0DB /* Active_Icons_Exercise.gif */ = {isa = PBXFileReference; lastKnownFileType = image.gif; path = Active_Icons_Exercise.gif; sourceTree = "<group>"; };
		309CD69B1A09C346009F7181 /* Default-568h@2x.png */ = {isa = PBXFileReference; lastKnownFileType = image.png; path = "Default-568h@2x.png"; sourceTree = "<group>"; };
		30A01C941A0C356800BD8FA6 /* ActivityTableViewController.h */ = {isa = PBXFileReference; fileEncoding = 4; lastKnownFileType = sourcecode.c.h; path = ActivityTableViewController.h; sourceTree = "<group>"; };
		30A01C951A0C356800BD8FA6 /* ActivityTableViewController.m */ = {isa = PBXFileReference; fileEncoding = 4; lastKnownFileType = sourcecode.c.objc; path = ActivityTableViewController.m; sourceTree = "<group>"; };
		30A01C971A0C35F600BD8FA6 /* NewActivityViewController.h */ = {isa = PBXFileReference; fileEncoding = 4; lastKnownFileType = sourcecode.c.h; path = NewActivityViewController.h; sourceTree = "<group>"; };
		30A01C981A0C35F600BD8FA6 /* NewActivityViewController.m */ = {isa = PBXFileReference; fileEncoding = 4; lastKnownFileType = sourcecode.c.objc; path = NewActivityViewController.m; sourceTree = "<group>"; };
		30A01C9A1A0C36B500BD8FA6 /* TimerViewController.h */ = {isa = PBXFileReference; fileEncoding = 4; lastKnownFileType = sourcecode.c.h; path = TimerViewController.h; sourceTree = "<group>"; };
		30A01C9B1A0C36B500BD8FA6 /* TimerViewController.m */ = {isa = PBXFileReference; fileEncoding = 4; lastKnownFileType = sourcecode.c.objc; path = TimerViewController.m; sourceTree = "<group>"; };
		30A01C9D1A0C393600BD8FA6 /* LogTableViewController.h */ = {isa = PBXFileReference; fileEncoding = 4; lastKnownFileType = sourcecode.c.h; path = LogTableViewController.h; sourceTree = "<group>"; };
		30A01C9E1A0C393600BD8FA6 /* LogTableViewController.m */ = {isa = PBXFileReference; fileEncoding = 4; lastKnownFileType = sourcecode.c.objc; path = LogTableViewController.m; sourceTree = "<group>"; };
		30A01CA01A0C395B00BD8FA6 /* ConfigViewController.h */ = {isa = PBXFileReference; fileEncoding = 4; lastKnownFileType = sourcecode.c.h; path = ConfigViewController.h; sourceTree = "<group>"; };
		30A01CA11A0C395B00BD8FA6 /* ConfigViewController.m */ = {isa = PBXFileReference; fileEncoding = 4; lastKnownFileType = sourcecode.c.objc; path = ConfigViewController.m; sourceTree = "<group>"; };
		30B2A1401A18111700EDACA2 /* Model.xcdatamodel */ = {isa = PBXFileReference; lastKnownFileType = wrapper.xcdatamodel; path = Model.xcdatamodel; sourceTree = "<group>"; };
		30B2A1421A181F2400EDACA2 /* ApiBD.h */ = {isa = PBXFileReference; fileEncoding = 4; lastKnownFileType = sourcecode.c.h; path = ApiBD.h; sourceTree = "<group>"; };
		30B2A1431A181F2400EDACA2 /* ApiBD.m */ = {isa = PBXFileReference; fileEncoding = 4; lastKnownFileType = sourcecode.c.objc; path = ApiBD.m; sourceTree = "<group>"; };
		30B2A1461A181F7900EDACA2 /* CoreData.framework */ = {isa = PBXFileReference; lastKnownFileType = wrapper.framework; name = CoreData.framework; path = System/Library/Frameworks/CoreData.framework; sourceTree = SDKROOT; };
		8737A5C21A1536F80090969D /* Social.framework */ = {isa = PBXFileReference; lastKnownFileType = wrapper.framework; name = Social.framework; path = System/Library/Frameworks/Social.framework; sourceTree = SDKROOT; };
		AC404CE41A1AE20E002979FA /* fb_icon_325x325.png */ = {isa = PBXFileReference; lastKnownFileType = image.png; path = fb_icon_325x325.png; sourceTree = "<group>"; };
		AC404CE61A1AE232002979FA /* 728567main_twitter-icon.png */ = {isa = PBXFileReference; lastKnownFileType = image.png; path = "728567main_twitter-icon.png"; sourceTree = "<group>"; };
/* End PBXFileReference section */

/* Begin PBXFrameworksBuildPhase section */
		3071FB1019F8083F00A8C0DB /* Frameworks */ = {
			isa = PBXFrameworksBuildPhase;
			buildActionMask = 2147483647;
			files = (
				30B2A1471A181F7900EDACA2 /* CoreData.framework in Frameworks */,
				8737A5C31A1536F80090969D /* Social.framework in Frameworks */,
			);
			runOnlyForDeploymentPostprocessing = 0;
		};
		3071FB2C19F8084000A8C0DB /* Frameworks */ = {
			isa = PBXFrameworksBuildPhase;
			buildActionMask = 2147483647;
			files = (
			);
			runOnlyForDeploymentPostprocessing = 0;
		};
/* End PBXFrameworksBuildPhase section */

/* Begin PBXGroup section */
		300100D61A267F1600EEF27F /* Activity */ = {
			isa = PBXGroup;
			children = (
				300100D01A267F0300EEF27F /* Activity.h */,
				300100D11A267F0300EEF27F /* Activity.m */,
			);
			name = Activity;
			sourceTree = "<group>";
		};
		300100D71A267F1C00EEF27F /* TimeLog */ = {
			isa = PBXGroup;
			children = (
				300100D31A267F0300EEF27F /* TimeLog.h */,
				300100D41A267F0300EEF27F /* TimeLog.m */,
			);
			name = TimeLog;
			sourceTree = "<group>";
		};
		30639A0D1A2CF54400AC9370 /* ActivityTableViewCell */ = {
			isa = PBXGroup;
			children = (
				30639A0A1A2CF53F00AC9370 /* ActivityTableViewCell.h */,
				30639A0B1A2CF53F00AC9370 /* ActivityTableViewCell.m */,
			);
			name = ActivityTableViewCell;
			sourceTree = "<group>";
		};
		3071FB0A19F8083F00A8C0DB = {
			isa = PBXGroup;
			children = (
				30B2A1461A181F7900EDACA2 /* CoreData.framework */,
				8737A5C21A1536F80090969D /* Social.framework */,
				309CD69B1A09C346009F7181 /* Default-568h@2x.png */,
				3071FB1519F8083F00A8C0DB /* Nizer */,
				3071FB3219F8084000A8C0DB /* NizerTests */,
				3071FB1419F8083F00A8C0DB /* Products */,
			);
			sourceTree = "<group>";
		};
		3071FB1419F8083F00A8C0DB /* Products */ = {
			isa = PBXGroup;
			children = (
				3071FB1319F8083F00A8C0DB /* Nizer.app */,
				3071FB2F19F8084000A8C0DB /* NizerTests.xctest */,
			);
			name = Products;
			sourceTree = "<group>";
		};
		3071FB1519F8083F00A8C0DB /* Nizer */ = {
			isa = PBXGroup;
			children = (
				3071FB2319F8083F00A8C0DB /* Main.storyboard */,
				AC404CE61A1AE232002979FA /* 728567main_twitter-icon.png */,
				AC404CE41A1AE20E002979FA /* fb_icon_325x325.png */,
				3071FB4119F81DDB00A8C0DB /* Active_Icons_Exercise.gif */,
				3071FB3F19F81DD600A8C0DB /* deal-active-icon.png */,
				3071FB2619F8083F00A8C0DB /* Images.xcassets */,
				30B2A13F1A18111700EDACA2 /* Model.xcdatamodeld */,
				8737A5BA1A152CF20090969D /* AppDelegate */,
				8737A5BF1A152D400090969D /* ActivityTableViewController */,
				8737A5BE1A152D320090969D /* NewActivityViewController */,
				8737A5BD1A152D270090969D /* TimerViewController */,
				8737A5BC1A152D180090969D /* LogTableViewController */,
				8737A5BB1A152D080090969D /* ConfigViewController */,
				3071FB1619F8083F00A8C0DB /* Supporting Files */,
				30B2A1451A181F2E00EDACA2 /* ApiBD */,
				300100D71A267F1C00EEF27F /* TimeLog */,
				300100D61A267F1600EEF27F /* Activity */,
				30639A0D1A2CF54400AC9370 /* ActivityTableViewCell */,
			);
			path = Nizer;
			sourceTree = "<group>";
		};
		3071FB1619F8083F00A8C0DB /* Supporting Files */ = {
			isa = PBXGroup;
			children = (
				3071FB1719F8083F00A8C0DB /* Info.plist */,
				3071FB1819F8083F00A8C0DB /* main.m */,
			);
			name = "Supporting Files";
			sourceTree = "<group>";
		};
		3071FB3219F8084000A8C0DB /* NizerTests */ = {
			isa = PBXGroup;
			children = (
				3071FB3519F8084000A8C0DB /* NizerTests.m */,
				3071FB3319F8084000A8C0DB /* Supporting Files */,
			);
			path = NizerTests;
			sourceTree = "<group>";
		};
		3071FB3319F8084000A8C0DB /* Supporting Files */ = {
			isa = PBXGroup;
			children = (
				3071FB3419F8084000A8C0DB /* Info.plist */,
			);
			name = "Supporting Files";
			sourceTree = "<group>";
		};
		30B2A1451A181F2E00EDACA2 /* ApiBD */ = {
			isa = PBXGroup;
			children = (
				30B2A1421A181F2400EDACA2 /* ApiBD.h */,
				30B2A1431A181F2400EDACA2 /* ApiBD.m */,
			);
			name = ApiBD;
			sourceTree = "<group>";
		};
		8737A5BA1A152CF20090969D /* AppDelegate */ = {
			isa = PBXGroup;
			children = (
				3071FB1A19F8083F00A8C0DB /* AppDelegate.h */,
				3071FB1B19F8083F00A8C0DB /* AppDelegate.m */,
			);
			name = AppDelegate;
			sourceTree = "<group>";
		};
		8737A5BB1A152D080090969D /* ConfigViewController */ = {
			isa = PBXGroup;
			children = (
				30A01CA01A0C395B00BD8FA6 /* ConfigViewController.h */,
				30A01CA11A0C395B00BD8FA6 /* ConfigViewController.m */,
			);
			name = ConfigViewController;
			sourceTree = "<group>";
		};
		8737A5BC1A152D180090969D /* LogTableViewController */ = {
			isa = PBXGroup;
			children = (
				30A01C9D1A0C393600BD8FA6 /* LogTableViewController.h */,
				30A01C9E1A0C393600BD8FA6 /* LogTableViewController.m */,
			);
			name = LogTableViewController;
			sourceTree = "<group>";
		};
		8737A5BD1A152D270090969D /* TimerViewController */ = {
			isa = PBXGroup;
			children = (
				30A01C9A1A0C36B500BD8FA6 /* TimerViewController.h */,
				30A01C9B1A0C36B500BD8FA6 /* TimerViewController.m */,
			);
			name = TimerViewController;
			sourceTree = "<group>";
		};
		8737A5BE1A152D320090969D /* NewActivityViewController */ = {
			isa = PBXGroup;
			children = (
				30A01C971A0C35F600BD8FA6 /* NewActivityViewController.h */,
				30A01C981A0C35F600BD8FA6 /* NewActivityViewController.m */,
			);
			name = NewActivityViewController;
			sourceTree = "<group>";
		};
		8737A5BF1A152D400090969D /* ActivityTableViewController */ = {
			isa = PBXGroup;
			children = (
				30A01C941A0C356800BD8FA6 /* ActivityTableViewController.h */,
				30A01C951A0C356800BD8FA6 /* ActivityTableViewController.m */,
			);
			name = ActivityTableViewController;
			sourceTree = "<group>";
		};
/* End PBXGroup section */

/* Begin PBXNativeTarget section */
		3071FB1219F8083F00A8C0DB /* Nizer */ = {
			isa = PBXNativeTarget;
			buildConfigurationList = 3071FB3919F8084000A8C0DB /* Build configuration list for PBXNativeTarget "Nizer" */;
			buildPhases = (
				3071FB0F19F8083F00A8C0DB /* Sources */,
				3071FB1019F8083F00A8C0DB /* Frameworks */,
				3071FB1119F8083F00A8C0DB /* Resources */,
			);
			buildRules = (
			);
			dependencies = (
			);
			name = Nizer;
			productName = Nizer;
			productReference = 3071FB1319F8083F00A8C0DB /* Nizer.app */;
			productType = "com.apple.product-type.application";
		};
		3071FB2E19F8084000A8C0DB /* NizerTests */ = {
			isa = PBXNativeTarget;
			buildConfigurationList = 3071FB3C19F8084000A8C0DB /* Build configuration list for PBXNativeTarget "NizerTests" */;
			buildPhases = (
				3071FB2B19F8084000A8C0DB /* Sources */,
				3071FB2C19F8084000A8C0DB /* Frameworks */,
				3071FB2D19F8084000A8C0DB /* Resources */,
			);
			buildRules = (
			);
			dependencies = (
				3071FB3119F8084000A8C0DB /* PBXTargetDependency */,
			);
			name = NizerTests;
			productName = NizerTests;
			productReference = 3071FB2F19F8084000A8C0DB /* NizerTests.xctest */;
			productType = "com.apple.product-type.bundle.unit-test";
		};
/* End PBXNativeTarget section */

/* Begin PBXProject section */
		3071FB0B19F8083F00A8C0DB /* Project object */ = {
			isa = PBXProject;
			attributes = {
				LastUpgradeCheck = 0610;
				ORGANIZATIONNAME = "Eduardo Alberto Sanchez Alvarado";
				TargetAttributes = {
					3071FB1219F8083F00A8C0DB = {
						CreatedOnToolsVersion = 6.1;
					};
					3071FB2E19F8084000A8C0DB = {
						CreatedOnToolsVersion = 6.1;
						TestTargetID = 3071FB1219F8083F00A8C0DB;
					};
				};
			};
			buildConfigurationList = 3071FB0E19F8083F00A8C0DB /* Build configuration list for PBXProject "Nizer" */;
			compatibilityVersion = "Xcode 3.2";
			developmentRegion = English;
			hasScannedForEncodings = 0;
			knownRegions = (
				en,
				Base,
			);
			mainGroup = 3071FB0A19F8083F00A8C0DB;
			productRefGroup = 3071FB1419F8083F00A8C0DB /* Products */;
			projectDirPath = "";
			projectRoot = "";
			targets = (
				3071FB1219F8083F00A8C0DB /* Nizer */,
				3071FB2E19F8084000A8C0DB /* NizerTests */,
			);
		};
/* End PBXProject section */

/* Begin PBXResourcesBuildPhase section */
		3071FB1119F8083F00A8C0DB /* Resources */ = {
			isa = PBXResourcesBuildPhase;
			buildActionMask = 2147483647;
			files = (
				3071FB4019F81DD600A8C0DB /* deal-active-icon.png in Resources */,
				AC404CE51A1AE20E002979FA /* fb_icon_325x325.png in Resources */,
				3071FB2519F8083F00A8C0DB /* Main.storyboard in Resources */,
				3071FB2719F8083F00A8C0DB /* Images.xcassets in Resources */,
				3071FB4219F81DDB00A8C0DB /* Active_Icons_Exercise.gif in Resources */,
				309CD69C1A09C346009F7181 /* Default-568h@2x.png in Resources */,
				AC404CE71A1AE232002979FA /* 728567main_twitter-icon.png in Resources */,
			);
			runOnlyForDeploymentPostprocessing = 0;
		};
		3071FB2D19F8084000A8C0DB /* Resources */ = {
			isa = PBXResourcesBuildPhase;
			buildActionMask = 2147483647;
			files = (
			);
			runOnlyForDeploymentPostprocessing = 0;
		};
/* End PBXResourcesBuildPhase section */

/* Begin PBXSourcesBuildPhase section */
		3071FB0F19F8083F00A8C0DB /* Sources */ = {
			isa = PBXSourcesBuildPhase;
			buildActionMask = 2147483647;
			files = (
				300100D51A267F0300EEF27F /* TimeLog.m in Sources */,
				30B2A1441A181F2400EDACA2 /* ApiBD.m in Sources */,
				30639A0C1A2CF53F00AC9370 /* ActivityTableViewCell.m in Sources */,
				30A01C991A0C35F600BD8FA6 /* NewActivityViewController.m in Sources */,
				3071FB1C19F8083F00A8C0DB /* AppDelegate.m in Sources */,
				30A01C9F1A0C393600BD8FA6 /* LogTableViewController.m in Sources */,
				300100D21A267F0300EEF27F /* Activity.m in Sources */,
				30B2A1411A18111700EDACA2 /* Model.xcdatamodeld in Sources */,
				30A01C9C1A0C36B500BD8FA6 /* TimerViewController.m in Sources */,
				30A01C961A0C356800BD8FA6 /* ActivityTableViewController.m in Sources */,
				30A01CA21A0C395B00BD8FA6 /* ConfigViewController.m in Sources */,
				3071FB1919F8083F00A8C0DB /* main.m in Sources */,
			);
			runOnlyForDeploymentPostprocessing = 0;
		};
		3071FB2B19F8084000A8C0DB /* Sources */ = {
			isa = PBXSourcesBuildPhase;
			buildActionMask = 2147483647;
			files = (
				3071FB3619F8084000A8C0DB /* NizerTests.m in Sources */,
			);
			runOnlyForDeploymentPostprocessing = 0;
		};
/* End PBXSourcesBuildPhase section */

/* Begin PBXTargetDependency section */
		3071FB3119F8084000A8C0DB /* PBXTargetDependency */ = {
			isa = PBXTargetDependency;
			target = 3071FB1219F8083F00A8C0DB /* Nizer */;
			targetProxy = 3071FB3019F8084000A8C0DB /* PBXContainerItemProxy */;
		};
/* End PBXTargetDependency section */

/* Begin PBXVariantGroup section */
		3071FB2319F8083F00A8C0DB /* Main.storyboard */ = {
			isa = PBXVariantGroup;
			children = (
				3071FB2419F8083F00A8C0DB /* Base */,
			);
			name = Main.storyboard;
			sourceTree = "<group>";
		};
/* End PBXVariantGroup section */

/* Begin XCBuildConfiguration section */
		3071FB3719F8084000A8C0DB /* Debug */ = {
			isa = XCBuildConfiguration;
			buildSettings = {
				ALWAYS_SEARCH_USER_PATHS = NO;
				CLANG_CXX_LANGUAGE_STANDARD = "gnu++0x";
				CLANG_CXX_LIBRARY = "libc++";
				CLANG_ENABLE_MODULES = YES;
				CLANG_ENABLE_OBJC_ARC = YES;
				CLANG_WARN_BOOL_CONVERSION = YES;
				CLANG_WARN_CONSTANT_CONVERSION = YES;
				CLANG_WARN_DIRECT_OBJC_ISA_USAGE = YES_ERROR;
				CLANG_WARN_EMPTY_BODY = YES;
				CLANG_WARN_ENUM_CONVERSION = YES;
				CLANG_WARN_INT_CONVERSION = YES;
				CLANG_WARN_OBJC_ROOT_CLASS = YES_ERROR;
				CLANG_WARN_UNREACHABLE_CODE = YES;
				CLANG_WARN__DUPLICATE_METHOD_MATCH = YES;
				"CODE_SIGN_IDENTITY[sdk=iphoneos*]" = "iPhone Developer";
				COPY_PHASE_STRIP = NO;
				ENABLE_STRICT_OBJC_MSGSEND = YES;
				GCC_C_LANGUAGE_STANDARD = gnu99;
				GCC_DYNAMIC_NO_PIC = NO;
				GCC_OPTIMIZATION_LEVEL = 0;
				GCC_PREPROCESSOR_DEFINITIONS = (
					"DEBUG=1",
					"$(inherited)",
				);
				GCC_SYMBOLS_PRIVATE_EXTERN = NO;
				GCC_WARN_64_TO_32_BIT_CONVERSION = YES;
				GCC_WARN_ABOUT_RETURN_TYPE = YES_ERROR;
				GCC_WARN_UNDECLARED_SELECTOR = YES;
				GCC_WARN_UNINITIALIZED_AUTOS = YES_AGGRESSIVE;
				GCC_WARN_UNUSED_FUNCTION = YES;
				GCC_WARN_UNUSED_VARIABLE = YES;
				IPHONEOS_DEPLOYMENT_TARGET = 8.1;
				MTL_ENABLE_DEBUG_INFO = YES;
				ONLY_ACTIVE_ARCH = YES;
				SDKROOT = iphoneos;
			};
			name = Debug;
		};
		3071FB3819F8084000A8C0DB /* Release */ = {
			isa = XCBuildConfiguration;
			buildSettings = {
				ALWAYS_SEARCH_USER_PATHS = NO;
				CLANG_CXX_LANGUAGE_STANDARD = "gnu++0x";
				CLANG_CXX_LIBRARY = "libc++";
				CLANG_ENABLE_MODULES = YES;
				CLANG_ENABLE_OBJC_ARC = YES;
				CLANG_WARN_BOOL_CONVERSION = YES;
				CLANG_WARN_CONSTANT_CONVERSION = YES;
				CLANG_WARN_DIRECT_OBJC_ISA_USAGE = YES_ERROR;
				CLANG_WARN_EMPTY_BODY = YES;
				CLANG_WARN_ENUM_CONVERSION = YES;
				CLANG_WARN_INT_CONVERSION = YES;
				CLANG_WARN_OBJC_ROOT_CLASS = YES_ERROR;
				CLANG_WARN_UNREACHABLE_CODE = YES;
				CLANG_WARN__DUPLICATE_METHOD_MATCH = YES;
				"CODE_SIGN_IDENTITY[sdk=iphoneos*]" = "iPhone Developer";
				COPY_PHASE_STRIP = YES;
				ENABLE_NS_ASSERTIONS = NO;
				ENABLE_STRICT_OBJC_MSGSEND = YES;
				GCC_C_LANGUAGE_STANDARD = gnu99;
				GCC_WARN_64_TO_32_BIT_CONVERSION = YES;
				GCC_WARN_ABOUT_RETURN_TYPE = YES_ERROR;
				GCC_WARN_UNDECLARED_SELECTOR = YES;
				GCC_WARN_UNINITIALIZED_AUTOS = YES_AGGRESSIVE;
				GCC_WARN_UNUSED_FUNCTION = YES;
				GCC_WARN_UNUSED_VARIABLE = YES;
				IPHONEOS_DEPLOYMENT_TARGET = 8.1;
				MTL_ENABLE_DEBUG_INFO = NO;
				SDKROOT = iphoneos;
				VALIDATE_PRODUCT = YES;
			};
			name = Release;
		};
		3071FB3A19F8084000A8C0DB /* Debug */ = {
			isa = XCBuildConfiguration;
			buildSettings = {
				ASSETCATALOG_COMPILER_APPICON_NAME = AppIcon;
				INFOPLIST_FILE = Nizer/Info.plist;
				IPHONEOS_DEPLOYMENT_TARGET = 7.0;
				LD_RUNPATH_SEARCH_PATHS = "$(inherited) @executable_path/Frameworks";
				PRODUCT_NAME = "$(TARGET_NAME)";
				TARGETED_DEVICE_FAMILY = 1;
			};
			name = Debug;
		};
		3071FB3B19F8084000A8C0DB /* Release */ = {
			isa = XCBuildConfiguration;
			buildSettings = {
				ASSETCATALOG_COMPILER_APPICON_NAME = AppIcon;
				INFOPLIST_FILE = Nizer/Info.plist;
				IPHONEOS_DEPLOYMENT_TARGET = 7.0;
				LD_RUNPATH_SEARCH_PATHS = "$(inherited) @executable_path/Frameworks";
				PRODUCT_NAME = "$(TARGET_NAME)";
				TARGETED_DEVICE_FAMILY = 1;
			};
			name = Release;
		};
		3071FB3D19F8084000A8C0DB /* Debug */ = {
			isa = XCBuildConfiguration;
			buildSettings = {
				BUNDLE_LOADER = "$(TEST_HOST)";
				FRAMEWORK_SEARCH_PATHS = (
					"$(SDKROOT)/Developer/Library/Frameworks",
					"$(inherited)",
				);
				GCC_PREPROCESSOR_DEFINITIONS = (
					"DEBUG=1",
					"$(inherited)",
				);
				INFOPLIST_FILE = NizerTests/Info.plist;
				IPHONEOS_DEPLOYMENT_TARGET = 7.1;
				LD_RUNPATH_SEARCH_PATHS = "$(inherited) @executable_path/Frameworks @loader_path/Frameworks";
				PRODUCT_NAME = "$(TARGET_NAME)";
				TEST_HOST = "$(BUILT_PRODUCTS_DIR)/Nizer.app/Nizer";
			};
			name = Debug;
		};
		3071FB3E19F8084000A8C0DB /* Release */ = {
			isa = XCBuildConfiguration;
			buildSettings = {
				BUNDLE_LOADER = "$(TEST_HOST)";
				FRAMEWORK_SEARCH_PATHS = (
					"$(SDKROOT)/Developer/Library/Frameworks",
					"$(inherited)",
				);
				INFOPLIST_FILE = NizerTests/Info.plist;
				IPHONEOS_DEPLOYMENT_TARGET = 7.1;
				LD_RUNPATH_SEARCH_PATHS = "$(inherited) @executable_path/Frameworks @loader_path/Frameworks";
				PRODUCT_NAME = "$(TARGET_NAME)";
				TEST_HOST = "$(BUILT_PRODUCTS_DIR)/Nizer.app/Nizer";
			};
			name = Release;
		};
/* End XCBuildConfiguration section */

/* Begin XCConfigurationList section */
		3071FB0E19F8083F00A8C0DB /* Build configuration list for PBXProject "Nizer" */ = {
			isa = XCConfigurationList;
			buildConfigurations = (
				3071FB3719F8084000A8C0DB /* Debug */,
				3071FB3819F8084000A8C0DB /* Release */,
			);
			defaultConfigurationIsVisible = 0;
			defaultConfigurationName = Release;
		};
		3071FB3919F8084000A8C0DB /* Build configuration list for PBXNativeTarget "Nizer" */ = {
			isa = XCConfigurationList;
			buildConfigurations = (
				3071FB3A19F8084000A8C0DB /* Debug */,
				3071FB3B19F8084000A8C0DB /* Release */,
			);
			defaultConfigurationIsVisible = 0;
			defaultConfigurationName = Release;
		};
		3071FB3C19F8084000A8C0DB /* Build configuration list for PBXNativeTarget "NizerTests" */ = {
			isa = XCConfigurationList;
			buildConfigurations = (
				3071FB3D19F8084000A8C0DB /* Debug */,
				3071FB3E19F8084000A8C0DB /* Release */,
			);
			defaultConfigurationIsVisible = 0;
			defaultConfigurationName = Release;
		};
/* End XCConfigurationList section */

/* Begin XCVersionGroup section */
		30B2A13F1A18111700EDACA2 /* Model.xcdatamodeld */ = {
			isa = XCVersionGroup;
			children = (
				30B2A1401A18111700EDACA2 /* Model.xcdatamodel */,
			);
			currentVersion = 30B2A1401A18111700EDACA2 /* Model.xcdatamodel */;
			path = Model.xcdatamodeld;
			sourceTree = "<group>";
			versionGroupType = wrapper.xcdatamodel;
		};
/* End XCVersionGroup section */
	};
	rootObject = 3071FB0B19F8083F00A8C0DB /* Project object */;
}
